
Microsoft Visual Studio Solution File, Format Version 12.00
# Visual Studio Version 17
VisualStudioVersion = 17.4.33122.133
MinimumVisualStudioVersion = 10.0.40219.1
Project("{9A19103F-16F7-4668-BE54-9A1E7A4F7556}") = "TransposeMatrix.App", "transpose-matrix\TransposeMatrix.App\TransposeMatrix.App.csproj", "{3F7FFE7B-7D21-4D54-BE02-DCAD3AD69765}"
EndProject
Project("{9A19103F-16F7-4668-BE54-9A1E7A4F7556}") = "BranchSums.App", "branch-sums\BranchSums.App\BranchSums.App.csproj", "{A088346E-8994-464B-A01C-EDFEB989C65E}"
EndProject
Project("{FAE04EC0-301F-11D3-BF4B-00C04F79EFBC}") = "1.TwoNumberSum", "two-number-sum\TwoNumberSum\1.TwoNumberSum.csproj", "{8E1E10F5-6A2D-4AF2-8A57-7B9BC2BCAE9E}"
EndProject
Global
	GlobalSection(SolutionConfigurationPlatforms) = preSolution
		Debug|Any CPU = Debug|Any CPU
		Release|Any CPU = Release|Any CPU
	EndGlobalSection
	GlobalSection(ProjectConfigurationPlatforms) = postSolution
		{3F7FFE7B-7D21-4D54-BE02-DCAD3AD69765}.Debug|Any CPU.ActiveCfg = Debug|Any CPU
		{3F7FFE7B-7D21-4D54-BE02-DCAD3AD69765}.Debug|Any CPU.Build.0 = Debug|Any CPU
		{3F7FFE7B-7D21-4D54-BE02-DCAD3AD69765}.Release|Any CPU.ActiveCfg = Release|Any CPU
		{3F7FFE7B-7D21-4D54-BE02-DCAD3AD69765}.Release|Any CPU.Build.0 = Release|Any CPU
		{A088346E-8994-464B-A01C-EDFEB989C65E}.Debug|Any CPU.ActiveCfg = Debug|Any CPU
		{A088346E-8994-464B-A01C-EDFEB989C65E}.Debug|Any CPU.Build.0 = Debug|Any CPU
		{A088346E-8994-464B-A01C-EDFEB989C65E}.Release|Any CPU.ActiveCfg = Release|Any CPU
		{A088346E-8994-464B-A01C-EDFEB989C65E}.Release|Any CPU.Build.0 = Release|Any CPU
		{8E1E10F5-6A2D-4AF2-8A57-7B9BC2BCAE9E}.Debug|Any CPU.ActiveCfg = Debug|Any CPU
		{8E1E10F5-6A2D-4AF2-8A57-7B9BC2BCAE9E}.Debug|Any CPU.Build.0 = Debug|Any CPU
		{8E1E10F5-6A2D-4AF2-8A57-7B9BC2BCAE9E}.Release|Any CPU.ActiveCfg = Release|Any CPU
		{8E1E10F5-6A2D-4AF2-8A57-7B9BC2BCAE9E}.Release|Any CPU.Build.0 = Release|Any CPU
	EndGlobalSection
	GlobalSection(SolutionProperties) = preSolution
		HideSolutionNode = FALSE
	EndGlobalSection
	GlobalSection(ExtensibilityGlobals) = postSolution
		SolutionGuid = {9BCFE397-6E62-4991-A618-844BAFE72DBC}
	EndGlobalSection
EndGlobal
